// !$*UTF8*$!
{
	archiveVersion = 1;
	classes = {
	};
	objectVersion = 50;
	objects = {

/* Begin PBXBuildFile section */
		51C96CE622A9285F00C7A28B /* AppDataSource.swift in Sources */ = {isa = PBXBuildFile; fileRef = 51C96CE522A9285F00C7A28B /* AppDataSource.swift */; };
		51C96CE822A92D4000C7A28B /* TableViewController.swift in Sources */ = {isa = PBXBuildFile; fileRef = 51C96CE722A92D4000C7A28B /* TableViewController.swift */; };
		51C96CEA22A92D5100C7A28B /* TableViewCell.swift in Sources */ = {isa = PBXBuildFile; fileRef = 51C96CE922A92D5100C7A28B /* TableViewCell.swift */; };
		51C96CEC22A92EF100C7A28B /* DetailViewController.swift in Sources */ = {isa = PBXBuildFile; fileRef = 51C96CEB22A92EF100C7A28B /* DetailViewController.swift */; };
		51D2018822A8E26200D1038C /* AppDelegate.swift in Sources */ = {isa = PBXBuildFile; fileRef = 51D2018722A8E26200D1038C /* AppDelegate.swift */; };
		51D2018A22A8E26200D1038C /* MainViewController.swift in Sources */ = {isa = PBXBuildFile; fileRef = 51D2018922A8E26200D1038C /* MainViewController.swift */; };
		51D2018D22A8E26200D1038C /* Main.storyboard in Resources */ = {isa = PBXBuildFile; fileRef = 51D2018B22A8E26200D1038C /* Main.storyboard */; };
		51D2019022A8E26200D1038C /* TextBook.xcdatamodeld in Sources */ = {isa = PBXBuildFile; fileRef = 51D2018E22A8E26200D1038C /* TextBook.xcdatamodeld */; };
		51D2019222A8E27000D1038C /* Assets.xcassets in Resources */ = {isa = PBXBuildFile; fileRef = 51D2019122A8E27000D1038C /* Assets.xcassets */; };
		51D2019522A8E27000D1038C /* LaunchScreen.storyboard in Resources */ = {isa = PBXBuildFile; fileRef = 51D2019322A8E27000D1038C /* LaunchScreen.storyboard */; };
		719E8D35513DF1ED85D77118 /* Pods_TextBook.framework in Frameworks */ = {isa = PBXBuildFile; fileRef = 13FCBD9293605445490BF390 /* Pods_TextBook.framework */; };
/* End PBXBuildFile section */

/* Begin PBXFileReference section */
		13FCBD9293605445490BF390 /* Pods_TextBook.framework */ = {isa = PBXFileReference; explicitFileType = wrapper.framework; includeInIndex = 0; path = Pods_TextBook.framework; sourceTree = BUILT_PRODUCTS_DIR; };
		51C96CE522A9285F00C7A28B /* AppDataSource.swift */ = {isa = PBXFileReference; lastKnownFileType = sourcecode.swift; path = AppDataSource.swift; sourceTree = "<group>"; };
		51C96CE722A92D4000C7A28B /* TableViewController.swift */ = {isa = PBXFileReference; lastKnownFileType = sourcecode.swift; path = TableViewController.swift; sourceTree = "<group>"; };
		51C96CE922A92D5100C7A28B /* TableViewCell.swift */ = {isa = PBXFileReference; lastKnownFileType = sourcecode.swift; path = TableViewCell.swift; sourceTree = "<group>"; };
		51C96CEB22A92EF100C7A28B /* DetailViewController.swift */ = {isa = PBXFileReference; lastKnownFileType = sourcecode.swift; path = DetailViewController.swift; sourceTree = "<group>"; };
		51D2018422A8E26100D1038C /* TextBook.app */ = {isa = PBXFileReference; explicitFileType = wrapper.application; includeInIndex = 0; path = TextBook.app; sourceTree = BUILT_PRODUCTS_DIR; };
		51D2018722A8E26200D1038C /* AppDelegate.swift */ = {isa = PBXFileReference; lastKnownFileType = sourcecode.swift; path = AppDelegate.swift; sourceTree = "<group>"; };
		51D2018922A8E26200D1038C /* MainViewController.swift */ = {isa = PBXFileReference; lastKnownFileType = sourcecode.swift; path = MainViewController.swift; sourceTree = "<group>"; };
		51D2018C22A8E26200D1038C /* Base */ = {isa = PBXFileReference; lastKnownFileType = file.storyboard; name = Base; path = Base.lproj/Main.storyboard; sourceTree = "<group>"; };
		51D2018F22A8E26200D1038C /* TextBook.xcdatamodel */ = {isa = PBXFileReference; lastKnownFileType = wrapper.xcdatamodel; path = TextBook.xcdatamodel; sourceTree = "<group>"; };
		51D2019122A8E27000D1038C /* Assets.xcassets */ = {isa = PBXFileReference; lastKnownFileType = folder.assetcatalog; path = Assets.xcassets; sourceTree = "<group>"; };
		51D2019422A8E27000D1038C /* Base */ = {isa = PBXFileReference; lastKnownFileType = file.storyboard; name = Base; path = Base.lproj/LaunchScreen.storyboard; sourceTree = "<group>"; };
		51D2019622A8E27000D1038C /* Info.plist */ = {isa = PBXFileReference; lastKnownFileType = text.plist.xml; path = Info.plist; sourceTree = "<group>"; };
		733BE9BD2E0DD18B6A6EF26D /* Pods-TextBook.debug.xcconfig */ = {isa = PBXFileReference; includeInIndex = 1; lastKnownFileType = text.xcconfig; name = "Pods-TextBook.debug.xcconfig"; path = "Target Support Files/Pods-TextBook/Pods-TextBook.debug.xcconfig"; sourceTree = "<group>"; };
		B291CC2F6312512A893401C7 /* Pods-TextBook.release.xcconfig */ = {isa = PBXFileReference; includeInIndex = 1; lastKnownFileType = text.xcconfig; name = "Pods-TextBook.release.xcconfig"; path = "Target Support Files/Pods-TextBook/Pods-TextBook.release.xcconfig"; sourceTree = "<group>"; };
/* End PBXFileReference section */

/* Begin PBXFrameworksBuildPhase section */
		51D2018122A8E26100D1038C /* Frameworks */ = {
			isa = PBXFrameworksBuildPhase;
			buildActionMask = 2147483647;
			files = (
				719E8D35513DF1ED85D77118 /* Pods_TextBook.framework in Frameworks */,
			);
			runOnlyForDeploymentPostprocessing = 0;
		};
/* End PBXFrameworksBuildPhase section */

/* Begin PBXGroup section */
		380CD5EBE84136240E33C7E0 /* Pods */ = {
			isa = PBXGroup;
			children = (
				733BE9BD2E0DD18B6A6EF26D /* Pods-TextBook.debug.xcconfig */,
				B291CC2F6312512A893401C7 /* Pods-TextBook.release.xcconfig */,
			);
			name = Pods;
			path = Pods;
			sourceTree = "<group>";
		};
		43DA69924E62FDD1DAD613BB /* Frameworks */ = {
			isa = PBXGroup;
			children = (
				13FCBD9293605445490BF390 /* Pods_TextBook.framework */,
			);
			name = Frameworks;
			sourceTree = "<group>";
		};
		51C96CE122A9278100C7A28B /* View */ = {
			isa = PBXGroup;
			children = (
				51D2019322A8E27000D1038C /* LaunchScreen.storyboard */,
				51D2018B22A8E26200D1038C /* Main.storyboard */,
				51C96CE722A92D4000C7A28B /* TableViewController.swift */,
				51C96CE922A92D5100C7A28B /* TableViewCell.swift */,
			);
			path = View;
			sourceTree = "<group>";
		};
		51C96CE222A9278300C7A28B /* Controller */ = {
			isa = PBXGroup;
			children = (
				51D2018922A8E26200D1038C /* MainViewController.swift */,
				51C96CEB22A92EF100C7A28B /* DetailViewController.swift */,
			);
			path = Controller;
			sourceTree = "<group>";
		};
		51C96CE322A9278600C7A28B /* Model */ = {
			isa = PBXGroup;
			children = (
				51C96CE522A9285F00C7A28B /* AppDataSource.swift */,
			);
			path = Model;
			sourceTree = "<group>";
		};
		51C96CE422A927A800C7A28B /* Helper */ = {
			isa = PBXGroup;
			children = (
				51D2019122A8E27000D1038C /* Assets.xcassets */,
			);
			path = Helper;
			sourceTree = "<group>";
		};
		51D2017B22A8E26100D1038C = {
			isa = PBXGroup;
			children = (
				51D2018622A8E26200D1038C /* TextBook */,
				51D2018522A8E26100D1038C /* Products */,
				380CD5EBE84136240E33C7E0 /* Pods */,
				43DA69924E62FDD1DAD613BB /* Frameworks */,
			);
			sourceTree = "<group>";
		};
		51D2018522A8E26100D1038C /* Products */ = {
			isa = PBXGroup;
			children = (
				51D2018422A8E26100D1038C /* TextBook.app */,
			);
			name = Products;
			sourceTree = "<group>";
		};
		51D2018622A8E26200D1038C /* TextBook */ = {
			isa = PBXGroup;
			children = (
				51C96CE422A927A800C7A28B /* Helper */,
				51C96CE322A9278600C7A28B /* Model */,
				51C96CE222A9278300C7A28B /* Controller */,
				51C96CE122A9278100C7A28B /* View */,
				51D2018722A8E26200D1038C /* AppDelegate.swift */,
				51D2019622A8E27000D1038C /* Info.plist */,
				51D2018E22A8E26200D1038C /* TextBook.xcdatamodeld */,
			);
			path = TextBook;
			sourceTree = "<group>";
		};
/* End PBXGroup section */

/* Begin PBXNativeTarget section */
		51D2018322A8E26100D1038C /* TextBook */ = {
			isa = PBXNativeTarget;
			buildConfigurationList = 51D2019922A8E27000D1038C /* Build configuration list for PBXNativeTarget "TextBook" */;
			buildPhases = (
				71CB292F4DB7B48A6822E344 /* [CP] Check Pods Manifest.lock */,
				51D2018022A8E26100D1038C /* Sources */,
				51D2018122A8E26100D1038C /* Frameworks */,
				51D2018222A8E26100D1038C /* Resources */,
				DA680D0D86A8888AF0FD9905 /* [CP] Embed Pods Frameworks */,
			);
			buildRules = (
			);
			dependencies = (
			);
			name = TextBook;
			productName = TextBook;
			productReference = 51D2018422A8E26100D1038C /* TextBook.app */;
			productType = "com.apple.product-type.application";
		};
/* End PBXNativeTarget section */

/* Begin PBXProject section */
		51D2017C22A8E26100D1038C /* Project object */ = {
			isa = PBXProject;
			attributes = {
				LastSwiftUpdateCheck = 1010;
				LastUpgradeCheck = 1010;
				ORGANIZATIONNAME = "Shubham Mishra";
				TargetAttributes = {
					51D2018322A8E26100D1038C = {
						CreatedOnToolsVersion = 10.1;
					};
				};
			};
			buildConfigurationList = 51D2017F22A8E26100D1038C /* Build configuration list for PBXProject "TextBook" */;
			compatibilityVersion = "Xcode 9.3";
			developmentRegion = en;
			hasScannedForEncodings = 0;
			knownRegions = (
				en,
				Base,
			);
			mainGroup = 51D2017B22A8E26100D1038C;
			productRefGroup = 51D2018522A8E26100D1038C /* Products */;
			projectDirPath = "";
			projectRoot = "";
			targets = (
				51D2018322A8E26100D1038C /* TextBook */,
			);
		};
/* End PBXProject section */

/* Begin PBXResourcesBuildPhase section */
		51D2018222A8E26100D1038C /* Resources */ = {
			isa = PBXResourcesBuildPhase;
			buildActionMask = 2147483647;
			files = (
				51D2019522A8E27000D1038C /* LaunchScreen.storyboard in Resources */,
				51D2019222A8E27000D1038C /* Assets.xcassets in Resources */,
				51D2018D22A8E26200D1038C /* Main.storyboard in Resources */,
			);
			runOnlyForDeploymentPostprocessing = 0;
		};
/* End PBXResourcesBuildPhase section */

/* Begin PBXShellScriptBuildPhase section */
		71CB292F4DB7B48A6822E344 /* [CP] Check Pods Manifest.lock */ = {
			isa = PBXShellScriptBuildPhase;
			buildActionMask = 2147483647;
			files = (
			);
			inputFileListPaths = (
			);
			inputPaths = (
				"${PODS_PODFILE_DIR_PATH}/Podfile.lock",
				"${PODS_ROOT}/Manifest.lock",
			);
			name = "[CP] Check Pods Manifest.lock";
			outputFileListPaths = (
			);
			outputPaths = (
				"$(DERIVED_FILE_DIR)/Pods-TextBook-checkManifestLockResult.txt",
			);
			runOnlyForDeploymentPostprocessing = 0;
			shellPath = /bin/sh;
			shellScript = "diff \"${PODS_PODFILE_DIR_PATH}/Podfile.lock\" \"${PODS_ROOT}/Manifest.lock\" > /dev/null\nif [ $? != 0 ] ; then\n    # print error to STDERR\n    echo \"error: The sandbox is not in sync with the Podfile.lock. Run 'pod install' or update your CocoaPods installation.\" >&2\n    exit 1\nfi\n# This output is used by Xcode 'outputs' to avoid re-running this script phase.\necho \"SUCCESS\" > \"${SCRIPT_OUTPUT_FILE_0}\"\n";
			showEnvVarsInLog = 0;
		};
		DA680D0D86A8888AF0FD9905 /* [CP] Embed Pods Frameworks */ = {
			isa = PBXShellScriptBuildPhase;
			buildActionMask = 2147483647;
			files = (
			);
			inputFileListPaths = (
				"${PODS_ROOT}/Target Support Files/Pods-TextBook/Pods-TextBook-frameworks-${CONFIGURATION}-input-files.xcfilelist",
			);
			name = "[CP] Embed Pods Frameworks";
			outputFileListPaths = (
				"${PODS_ROOT}/Target Support Files/Pods-TextBook/Pods-TextBook-frameworks-${CONFIGURATION}-output-files.xcfilelist",
			);
			runOnlyForDeploymentPostprocessing = 0;
			shellPath = /bin/sh;
			shellScript = "\"${PODS_ROOT}/Target Support Files/Pods-TextBook/Pods-TextBook-frameworks.sh\"\n";
			showEnvVarsInLog = 0;
		};
/* End PBXShellScriptBuildPhase section */

/* Begin PBXSourcesBuildPhase section */
		51D2018022A8E26100D1038C /* Sources */ = {
			isa = PBXSourcesBuildPhase;
			buildActionMask = 2147483647;
			files = (
				51D2018A22A8E26200D1038C /* MainViewController.swift in Sources */,
				51D2019022A8E26200D1038C /* TextBook.xcdatamodeld in Sources */,
				51C96CE622A9285F00C7A28B /* AppDataSource.swift in Sources */,
				51C96CEA22A92D5100C7A28B /* TableViewCell.swift in Sources */,
				51C96CE822A92D4000C7A28B /* TableViewController.swift in Sources */,
				51D2018822A8E26200D1038C /* AppDelegate.swift in Sources */,
				51C96CEC22A92EF100C7A28B /* DetailViewController.swift in Sources */,
			);
			runOnlyForDeploymentPostprocessing = 0;
		};
/* End PBXSourcesBuildPhase section */

/* Begin PBXVariantGroup section */
		51D2018B22A8E26200D1038C /* Main.storyboard */ = {
			isa = PBXVariantGroup;
			children = (
				51D2018C22A8E26200D1038C /* Base */,
			);
			name = Main.storyboard;
			sourceTree = "<group>";
		};
		51D2019322A8E27000D1038C /* LaunchScreen.storyboard */ = {
			isa = PBXVariantGroup;
			children = (
				51D2019422A8E27000D1038C /* Base */,
			);
			name = LaunchScreen.storyboard;
			sourceTree = "<group>";
		};
/* End PBXVariantGroup section */

/* Begin XCBuildConfiguration section */
		51D2019722A8E27000D1038C /* Debug */ = {
			isa = XCBuildConfiguration;
			buildSettings = {
				ALWAYS_SEARCH_USER_PATHS = NO;
				CLANG_ANALYZER_NONNULL = YES;
				CLANG_ANALYZER_NUMBER_OBJECT_CONVERSION = YES_AGGRESSIVE;
				CLANG_CXX_LANGUAGE_STANDARD = "gnu++14";
				CLANG_CXX_LIBRARY = "libc++";
				CLANG_ENABLE_MODULES = YES;
				CLANG_ENABLE_OBJC_ARC = YES;
				CLANG_ENABLE_OBJC_WEAK = YES;
				CLANG_WARN_BLOCK_CAPTURE_AUTORELEASING = YES;
				CLANG_WARN_BOOL_CONVERSION = YES;
				CLANG_WARN_COMMA = YES;
				CLANG_WARN_CONSTANT_CONVERSION = YES;
				CLANG_WARN_DEPRECATED_OBJC_IMPLEMENTATIONS = YES;
				CLANG_WARN_DIRECT_OBJC_ISA_USAGE = YES_ERROR;
				CLANG_WARN_DOCUMENTATION_COMMENTS = YES;
				CLANG_WARN_EMPTY_BODY = YES;
				CLANG_WARN_ENUM_CONVERSION = YES;
				CLANG_WARN_INFINITE_RECURSION = YES;
				CLANG_WARN_INT_CONVERSION = YES;
				CLANG_WARN_NON_LITERAL_NULL_CONVERSION = YES;
				CLANG_WARN_OBJC_IMPLICIT_RETAIN_SELF = YES;
				CLANG_WARN_OBJC_LITERAL_CONVERSION = YES;
				CLANG_WARN_OBJC_ROOT_CLASS = YES_ERROR;
				CLANG_WARN_RANGE_LOOP_ANALYSIS = YES;
				CLANG_WARN_STRICT_PROTOTYPES = YES;
				CLANG_WARN_SUSPICIOUS_MOVE = YES;
				CLANG_WARN_UNGUARDED_AVAILABILITY = YES_AGGRESSIVE;
				CLANG_WARN_UNREACHABLE_CODE = YES;
				CLANG_WARN__DUPLICATE_METHOD_MATCH = YES;
				CODE_SIGN_IDENTITY = "iPhone Developer";
				COPY_PHASE_STRIP = NO;
				DEBUG_INFORMATION_FORMAT = dwarf;
				ENABLE_STRICT_OBJC_MSGSEND = YES;
				ENABLE_TESTABILITY = YES;
				GCC_C_LANGUAGE_STANDARD = gnu11;
				GCC_DYNAMIC_NO_PIC = NO;
				GCC_NO_COMMON_BLOCKS = YES;
				GCC_OPTIMIZATION_LEVEL = 0;
				GCC_PREPROCESSOR_DEFINITIONS = (
					"DEBUG=1",
					"$(inherited)",
				);
				GCC_WARN_64_TO_32_BIT_CONVERSION = YES;
				GCC_WARN_ABOUT_RETURN_TYPE = YES_ERROR;
				GCC_WARN_UNDECLARED_SELECTOR = YES;
				GCC_WARN_UNINITIALIZED_AUTOS = YES_AGGRESSIVE;
				GCC_WARN_UNUSED_FUNCTION = YES;
				GCC_WARN_UNUSED_VARIABLE = YES;
				IPHONEOS_DEPLOYMENT_TARGET = 12.1;
				MTL_ENABLE_DEBUG_INFO = INCLUDE_SOURCE;
				MTL_FAST_MATH = YES;
				ONLY_ACTIVE_ARCH = YES;
				SDKROOT = iphoneos;
				SWIFT_ACTIVE_COMPILATION_CONDITIONS = DEBUG;
				SWIFT_OPTIMIZATION_LEVEL = "-Onone";
			};
			name = Debug;
		};
		51D2019822A8E27000D1038C /* Release */ = {
			isa = XCBuildConfiguration;
			buildSettings = {
				ALWAYS_SEARCH_USER_PATHS = NO;
				CLANG_ANALYZER_NONNULL = YES;
				CLANG_ANALYZER_NUMBER_OBJECT_CONVERSION = YES_AGGRESSIVE;
				CLANG_CXX_LANGUAGE_STANDARD = "gnu++14";
				CLANG_CXX_LIBRARY = "libc++";
				CLANG_ENABLE_MODULES = YES;
				CLANG_ENABLE_OBJC_ARC = YES;
				CLANG_ENABLE_OBJC_WEAK = YES;
				CLANG_WARN_BLOCK_CAPTURE_AUTORELEASING = YES;
				CLANG_WARN_BOOL_CONVERSION = YES;
				CLANG_WARN_COMMA = YES;
				CLANG_WARN_CONSTANT_CONVERSION = YES;
				CLANG_WARN_DEPRECATED_OBJC_IMPLEMENTATIONS = YES;
				CLANG_WARN_DIRECT_OBJC_ISA_USAGE = YES_ERROR;
				CLANG_WARN_DOCUMENTATION_COMMENTS = YES;
				CLANG_WARN_EMPTY_BODY = YES;
				CLANG_WARN_ENUM_CONVERSION = YES;
				CLANG_WARN_INFINITE_RECURSION = YES;
				CLANG_WARN_INT_CONVERSION = YES;
				CLANG_WARN_NON_LITERAL_NULL_CONVERSION = YES;
				CLANG_WARN_OBJC_IMPLICIT_RETAIN_SELF = YES;
				CLANG_WARN_OBJC_LITERAL_CONVERSION = YES;
				CLANG_WARN_OBJC_ROOT_CLASS = YES_ERROR;
				CLANG_WARN_RANGE_LOOP_ANALYSIS = YES;
				CLANG_WARN_STRICT_PROTOTYPES = YES;
				CLANG_WARN_SUSPICIOUS_MOVE = YES;
				CLANG_WARN_UNGUARDED_AVAILABILITY = YES_AGGRESSIVE;
				CLANG_WARN_UNREACHABLE_CODE = YES;
				CLANG_WARN__DUPLICATE_METHOD_MATCH = YES;
				CODE_SIGN_IDENTITY = "iPhone Developer";
				COPY_PHASE_STRIP = NO;
				DEBUG_INFORMATION_FORMAT = "dwarf-with-dsym";
				ENABLE_NS_ASSERTIONS = NO;
				ENABLE_STRICT_OBJC_MSGSEND = YES;
				GCC_C_LANGUAGE_STANDARD = gnu11;
				GCC_NO_COMMON_BLOCKS = YES;
				GCC_WARN_64_TO_32_BIT_CONVERSION = YES;
				GCC_WARN_ABOUT_RETURN_TYPE = YES_ERROR;
				GCC_WARN_UNDECLARED_SELECTOR = YES;
				GCC_WARN_UNINITIALIZED_AUTOS = YES_AGGRESSIVE;
				GCC_WARN_UNUSED_FUNCTION = YES;
				GCC_WARN_UNUSED_VARIABLE = YES;
				IPHONEOS_DEPLOYMENT_TARGET = 12.1;
				MTL_ENABLE_DEBUG_INFO = NO;
				MTL_FAST_MATH = YES;
				SDKROOT = iphoneos;
				SWIFT_COMPILATION_MODE = wholemodule;
				SWIFT_OPTIMIZATION_LEVEL = "-O";
				VALIDATE_PRODUCT = YES;
			};
			name = Release;
		};
		51D2019A22A8E27000D1038C /* Debug */ = {
			isa = XCBuildConfiguration;
			baseConfigurationReference = 733BE9BD2E0DD18B6A6EF26D /* Pods-TextBook.debug.xcconfig */;
			buildSettings = {
				ASSETCATALOG_COMPILER_APPICON_NAME = AppIcon;
				CODE_SIGN_STYLE = Automatic;
				DEVELOPMENT_TEAM = U9964D9B64;
				INFOPLIST_FILE = TextBook/Info.plist;
				LD_RUNPATH_SEARCH_PATHS = (
					"$(inherited)",
					"@executable_path/Frameworks",
				);
				PRODUCT_BUNDLE_IDENTIFIER = com.example.TextBook;
				PRODUCT_NAME = "$(TARGET_NAME)";
				SWIFT_VERSION = 4.2;
				TARGETED_DEVICE_FAMILY = "1,2";
			};
			name = Debug;
		};
		51D2019B22A8E27000D1038C /* Release */ = {
			isa = XCBuildConfiguration;
			baseConfigurationReference = B291CC2F6312512A893401C7 /* Pods-TextBook.release.xcconfig */;
			buildSettings = {
				ASSETCATALOG_COMPILER_APPICON_NAME = AppIcon;
				CODE_SIGN_STYLE = Automatic;
				DEVELOPMENT_TEAM = U9964D9B64;
				INFOPLIST_FILE = TextBook/Info.plist;
				LD_RUNPATH_SEARCH_PATHS = (
					"$(inherited)",
					"@executable_path/Frameworks",
				);
				PRODUCT_BUNDLE_IDENTIFIER = com.example.TextBook;
				PRODUCT_NAME = "$(TARGET_NAME)";
				SWIFT_VERSION = 4.2;
				TARGETED_DEVICE_FAMILY = "1,2";
			};
			name = Release;
		};
/* End XCBuildConfiguration section */

/* Begin XCConfigurationList section */
		51D2017F22A8E26100D1038C /* Build configuration list for PBXProject "TextBook" */ = {
			isa = XCConfigurationList;
			buildConfigurations = (
				51D2019722A8E27000D1038C /* Debug */,
				51D2019822A8E27000D1038C /* Release */,
			);
			defaultConfigurationIsVisible = 0;
			defaultConfigurationName = Release;
		};
		51D2019922A8E27000D1038C /* Build configuration list for PBXNativeTarget "TextBook" */ = {
			isa = XCConfigurationList;
			buildConfigurations = (
				51D2019A22A8E27000D1038C /* Debug */,
				51D2019B22A8E27000D1038C /* Release */,
			);
			defaultConfigurationIsVisible = 0;
			defaultConfigurationName = Release;
		};
/* End XCConfigurationList section */

/* Begin XCVersionGroup section */
		51D2018E22A8E26200D1038C /* TextBook.xcdatamodeld */ = {
			isa = XCVersionGroup;
			children = (
				51D2018F22A8E26200D1038C /* TextBook.xcdatamodel */,
			);
			currentVersion = 51D2018F22A8E26200D1038C /* TextBook.xcdatamodel */;
			path = TextBook.xcdatamodeld;
			sourceTree = "<group>";
			versionGroupType = wrapper.xcdatamodel;
		};
/* End XCVersionGroup section */
	};
	rootObject = 51D2017C22A8E26100D1038C /* Project object */;
}
